
Microsoft Visual Studio Solution File, Format Version 12.00
# Visual Studio Version 17
VisualStudioVersion = 17.8.34330.188
MinimumVisualStudioVersion = 10.0.40219.1
Project("{FAE04EC0-301F-11D3-BF4B-00C04F79EFBC}") = "IdentGoogle", "IdentGoogle.csproj", "{E046FC84-69D2-4C72-98A2-06BA45CE8743}"
EndProject
Global
	GlobalSection(SolutionConfigurationPlatforms) = preSolution
		Debug|Any CPU = Debug|Any CPU
		Release|Any CPU = Release|Any CPU
	EndGlobalSection
	GlobalSection(ProjectConfigurationPlatforms) = postSolution
		{E046FC84-69D2-4C72-98A2-06BA45CE8743}.Debug|Any CPU.ActiveCfg = Debug|Any CPU
		{E046FC84-69D2-4C72-98A2-06BA45CE8743}.Debug|Any CPU.Build.0 = Debug|Any CPU
		{E046FC84-69D2-4C72-98A2-06BA45CE8743}.Release|Any CPU.ActiveCfg = Release|Any CPU
		{E046FC84-69D2-4C72-98A2-06BA45CE8743}.Release|Any CPU.Build.0 = Release|Any CPU
	EndGlobalSection
	GlobalSection(SolutionProperties) = preSolution
		HideSolutionNode = FALSE
	EndGlobalSection
	GlobalSection(ExtensibilityGlobals) = postSolution
		SolutionGuid = {3D187E28-6B6C-4CBF-A4C6-DAF6CAD537C1}
	EndGlobalSection
EndGlobal
